// !$*UTF8*$!
{
	archiveVersion = 1;
	classes = {
	};
	objectVersion = 50;
	objects = {

/* Begin PBXBuildFile section */
		2871330823B7BC6B00AD4B38 /* AppDelegate.swift in Sources */ = {isa = PBXBuildFile; fileRef = 2871330723B7BC6B00AD4B38 /* AppDelegate.swift */; };
		2871330A23B7BC6B00AD4B38 /* SceneDelegate.swift in Sources */ = {isa = PBXBuildFile; fileRef = 2871330923B7BC6B00AD4B38 /* SceneDelegate.swift */; };
		2871330C23B7BC6B00AD4B38 /* ViewController.swift in Sources */ = {isa = PBXBuildFile; fileRef = 2871330B23B7BC6B00AD4B38 /* ViewController.swift */; };
		2871330F23B7BC6B00AD4B38 /* Main.storyboard in Resources */ = {isa = PBXBuildFile; fileRef = 2871330D23B7BC6B00AD4B38 /* Main.storyboard */; };
		2871331123B7BC6C00AD4B38 /* Assets.xcassets in Resources */ = {isa = PBXBuildFile; fileRef = 2871331023B7BC6C00AD4B38 /* Assets.xcassets */; };
		2871331423B7BC6C00AD4B38 /* LaunchScreen.storyboard in Resources */ = {isa = PBXBuildFile; fileRef = 2871331223B7BC6C00AD4B38 /* LaunchScreen.storyboard */; };
		2871331F23B7BC6D00AD4B38 /* HackerRankTests.swift in Sources */ = {isa = PBXBuildFile; fileRef = 2871331E23B7BC6D00AD4B38 /* HackerRankTests.swift */; };
		2871332A23B7BC6D00AD4B38 /* HackerRankUITests.swift in Sources */ = {isa = PBXBuildFile; fileRef = 2871332923B7BC6D00AD4B38 /* HackerRankUITests.swift */; };
/* End PBXBuildFile section */

/* Begin PBXContainerItemProxy section */
		2871331B23B7BC6D00AD4B38 /* PBXContainerItemProxy */ = {
			isa = PBXContainerItemProxy;
			containerPortal = 287132FC23B7BC6B00AD4B38 /* Project object */;
			proxyType = 1;
			remoteGlobalIDString = 2871330323B7BC6B00AD4B38;
			remoteInfo = HackerRank;
		};
		2871332623B7BC6D00AD4B38 /* PBXContainerItemProxy */ = {
			isa = PBXContainerItemProxy;
			containerPortal = 287132FC23B7BC6B00AD4B38 /* Project object */;
			proxyType = 1;
			remoteGlobalIDString = 2871330323B7BC6B00AD4B38;
			remoteInfo = HackerRank;
		};
/* End PBXContainerItemProxy section */

/* Begin PBXFileReference section */
		2871330423B7BC6B00AD4B38 /* HackerRank.app */ = {isa = PBXFileReference; explicitFileType = wrapper.application; includeInIndex = 0; path = HackerRank.app; sourceTree = BUILT_PRODUCTS_DIR; };
		2871330723B7BC6B00AD4B38 /* AppDelegate.swift */ = {isa = PBXFileReference; lastKnownFileType = sourcecode.swift; path = AppDelegate.swift; sourceTree = "<group>"; };
		2871330923B7BC6B00AD4B38 /* SceneDelegate.swift */ = {isa = PBXFileReference; lastKnownFileType = sourcecode.swift; path = SceneDelegate.swift; sourceTree = "<group>"; };
		2871330B23B7BC6B00AD4B38 /* ViewController.swift */ = {isa = PBXFileReference; lastKnownFileType = sourcecode.swift; path = ViewController.swift; sourceTree = "<group>"; };
		2871330E23B7BC6B00AD4B38 /* Base */ = {isa = PBXFileReference; lastKnownFileType = file.storyboard; name = Base; path = Base.lproj/Main.storyboard; sourceTree = "<group>"; };
		2871331023B7BC6C00AD4B38 /* Assets.xcassets */ = {isa = PBXFileReference; lastKnownFileType = folder.assetcatalog; path = Assets.xcassets; sourceTree = "<group>"; };
		2871331323B7BC6C00AD4B38 /* Base */ = {isa = PBXFileReference; lastKnownFileType = file.storyboard; name = Base; path = Base.lproj/LaunchScreen.storyboard; sourceTree = "<group>"; };
		2871331523B7BC6C00AD4B38 /* Info.plist */ = {isa = PBXFileReference; lastKnownFileType = text.plist.xml; path = Info.plist; sourceTree = "<group>"; };
		2871331A23B7BC6D00AD4B38 /* HackerRankTests.xctest */ = {isa = PBXFileReference; explicitFileType = wrapper.cfbundle; includeInIndex = 0; path = HackerRankTests.xctest; sourceTree = BUILT_PRODUCTS_DIR; };
		2871331E23B7BC6D00AD4B38 /* HackerRankTests.swift */ = {isa = PBXFileReference; lastKnownFileType = sourcecode.swift; path = HackerRankTests.swift; sourceTree = "<group>"; };
		2871332023B7BC6D00AD4B38 /* Info.plist */ = {isa = PBXFileReference; lastKnownFileType = text.plist.xml; path = Info.plist; sourceTree = "<group>"; };
		2871332523B7BC6D00AD4B38 /* HackerRankUITests.xctest */ = {isa = PBXFileReference; explicitFileType = wrapper.cfbundle; includeInIndex = 0; path = HackerRankUITests.xctest; sourceTree = BUILT_PRODUCTS_DIR; };
		2871332923B7BC6D00AD4B38 /* HackerRankUITests.swift */ = {isa = PBXFileReference; lastKnownFileType = sourcecode.swift; path = HackerRankUITests.swift; sourceTree = "<group>"; };
		2871332B23B7BC6D00AD4B38 /* Info.plist */ = {isa = PBXFileReference; lastKnownFileType = text.plist.xml; path = Info.plist; sourceTree = "<group>"; };
/* End PBXFileReference section */

/* Begin PBXFrameworksBuildPhase section */
		2871330123B7BC6B00AD4B38 /* Frameworks */ = {
			isa = PBXFrameworksBuildPhase;
			buildActionMask = 2147483647;
			files = (
			);
			runOnlyForDeploymentPostprocessing = 0;
		};
		2871331723B7BC6D00AD4B38 /* Frameworks */ = {
			isa = PBXFrameworksBuildPhase;
			buildActionMask = 2147483647;
			files = (
			);
			runOnlyForDeploymentPostprocessing = 0;
		};
		2871332223B7BC6D00AD4B38 /* Frameworks */ = {
			isa = PBXFrameworksBuildPhase;
			buildActionMask = 2147483647;
			files = (
			);
			runOnlyForDeploymentPostprocessing = 0;
		};
/* End PBXFrameworksBuildPhase section */

/* Begin PBXGroup section */
		287132FB23B7BC6B00AD4B38 = {
			isa = PBXGroup;
			children = (
				2871330623B7BC6B00AD4B38 /* HackerRank */,
				2871331D23B7BC6D00AD4B38 /* HackerRankTests */,
				2871332823B7BC6D00AD4B38 /* HackerRankUITests */,
				2871330523B7BC6B00AD4B38 /* Products */,
			);
			sourceTree = "<group>";
		};
		2871330523B7BC6B00AD4B38 /* Products */ = {
			isa = PBXGroup;
			children = (
				2871330423B7BC6B00AD4B38 /* HackerRank.app */,
				2871331A23B7BC6D00AD4B38 /* HackerRankTests.xctest */,
				2871332523B7BC6D00AD4B38 /* HackerRankUITests.xctest */,
			);
			name = Products;
			sourceTree = "<group>";
		};
		2871330623B7BC6B00AD4B38 /* HackerRank */ = {
			isa = PBXGroup;
			children = (
				2871330723B7BC6B00AD4B38 /* AppDelegate.swift */,
				2871330923B7BC6B00AD4B38 /* SceneDelegate.swift */,
				2871330B23B7BC6B00AD4B38 /* ViewController.swift */,
				2871330D23B7BC6B00AD4B38 /* Main.storyboard */,
				2871331023B7BC6C00AD4B38 /* Assets.xcassets */,
				2871331223B7BC6C00AD4B38 /* LaunchScreen.storyboard */,
				2871331523B7BC6C00AD4B38 /* Info.plist */,
			);
			path = HackerRank;
			sourceTree = "<group>";
		};
		2871331D23B7BC6D00AD4B38 /* HackerRankTests */ = {
			isa = PBXGroup;
			children = (
				2871331E23B7BC6D00AD4B38 /* HackerRankTests.swift */,
				2871332023B7BC6D00AD4B38 /* Info.plist */,
			);
			path = HackerRankTests;
			sourceTree = "<group>";
		};
		2871332823B7BC6D00AD4B38 /* HackerRankUITests */ = {
			isa = PBXGroup;
			children = (
				2871332923B7BC6D00AD4B38 /* HackerRankUITests.swift */,
				2871332B23B7BC6D00AD4B38 /* Info.plist */,
			);
			path = HackerRankUITests;
			sourceTree = "<group>";
		};
/* End PBXGroup section */

/* Begin PBXNativeTarget section */
		2871330323B7BC6B00AD4B38 /* HackerRank */ = {
			isa = PBXNativeTarget;
			buildConfigurationList = 2871332E23B7BC6D00AD4B38 /* Build configuration list for PBXNativeTarget "HackerRank" */;
			buildPhases = (
				2871330023B7BC6B00AD4B38 /* Sources */,
				2871330123B7BC6B00AD4B38 /* Frameworks */,
				2871330223B7BC6B00AD4B38 /* Resources */,
			);
			buildRules = (
			);
			dependencies = (
			);
			name = HackerRank;
			productName = HackerRank;
			productReference = 2871330423B7BC6B00AD4B38 /* HackerRank.app */;
			productType = "com.apple.product-type.application";
		};
		2871331923B7BC6D00AD4B38 /* HackerRankTests */ = {
			isa = PBXNativeTarget;
			buildConfigurationList = 2871333123B7BC6D00AD4B38 /* Build configuration list for PBXNativeTarget "HackerRankTests" */;
			buildPhases = (
				2871331623B7BC6D00AD4B38 /* Sources */,
				2871331723B7BC6D00AD4B38 /* Frameworks */,
				2871331823B7BC6D00AD4B38 /* Resources */,
			);
			buildRules = (
			);
			dependencies = (
				2871331C23B7BC6D00AD4B38 /* PBXTargetDependency */,
			);
			name = HackerRankTests;
			productName = HackerRankTests;
			productReference = 2871331A23B7BC6D00AD4B38 /* HackerRankTests.xctest */;
			productType = "com.apple.product-type.bundle.unit-test";
		};
		2871332423B7BC6D00AD4B38 /* HackerRankUITests */ = {
			isa = PBXNativeTarget;
			buildConfigurationList = 2871333423B7BC6D00AD4B38 /* Build configuration list for PBXNativeTarget "HackerRankUITests" */;
			buildPhases = (
				2871332123B7BC6D00AD4B38 /* Sources */,
				2871332223B7BC6D00AD4B38 /* Frameworks */,
				2871332323B7BC6D00AD4B38 /* Resources */,
			);
			buildRules = (
			);
			dependencies = (
				2871332723B7BC6D00AD4B38 /* PBXTargetDependency */,
			);
			name = HackerRankUITests;
			productName = HackerRankUITests;
			productReference = 2871332523B7BC6D00AD4B38 /* HackerRankUITests.xctest */;
			productType = "com.apple.product-type.bundle.ui-testing";
		};
/* End PBXNativeTarget section */

/* Begin PBXProject section */
		287132FC23B7BC6B00AD4B38 /* Project object */ = {
			isa = PBXProject;
			attributes = {
				LastSwiftUpdateCheck = 1120;
				LastUpgradeCheck = 1120;
				ORGANIZATIONNAME = "Anshad R";
				TargetAttributes = {
					2871330323B7BC6B00AD4B38 = {
						CreatedOnToolsVersion = 11.2.1;
					};
					2871331923B7BC6D00AD4B38 = {
						CreatedOnToolsVersion = 11.2.1;
						TestTargetID = 2871330323B7BC6B00AD4B38;
					};
					2871332423B7BC6D00AD4B38 = {
						CreatedOnToolsVersion = 11.2.1;
						TestTargetID = 2871330323B7BC6B00AD4B38;
					};
				};
			};
			buildConfigurationList = 287132FF23B7BC6B00AD4B38 /* Build configuration list for PBXProject "HackerRank" */;
			compatibilityVersion = "Xcode 9.3";
			developmentRegion = en;
			hasScannedForEncodings = 0;
			knownRegions = (
				en,
				Base,
			);
			mainGroup = 287132FB23B7BC6B00AD4B38;
			productRefGroup = 2871330523B7BC6B00AD4B38 /* Products */;
			projectDirPath = "";
			projectRoot = "";
			targets = (
				2871330323B7BC6B00AD4B38 /* HackerRank */,
				2871331923B7BC6D00AD4B38 /* HackerRankTests */,
				2871332423B7BC6D00AD4B38 /* HackerRankUITests */,
			);
		};
/* End PBXProject section */

/* Begin PBXResourcesBuildPhase section */
		2871330223B7BC6B00AD4B38 /* Resources */ = {
			isa = PBXResourcesBuildPhase;
			buildActionMask = 2147483647;
			files = (
				2871331423B7BC6C00AD4B38 /* LaunchScreen.storyboard in Resources */,
				2871331123B7BC6C00AD4B38 /* Assets.xcassets in Resources */,
				2871330F23B7BC6B00AD4B38 /* Main.storyboard in Resources */,
			);
			runOnlyForDeploymentPostprocessing = 0;
		};
		2871331823B7BC6D00AD4B38 /* Resources */ = {
			isa = PBXResourcesBuildPhase;
			buildActionMask = 2147483647;
			files = (
			);
			runOnlyForDeploymentPostprocessing = 0;
		};
		2871332323B7BC6D00AD4B38 /* Resources */ = {
			isa = PBXResourcesBuildPhase;
			buildActionMask = 2147483647;
			files = (
			);
			runOnlyForDeploymentPostprocessing = 0;
		};
/* End PBXResourcesBuildPhase section */

/* Begin PBXSourcesBuildPhase section */
		2871330023B7BC6B00AD4B38 /* Sources */ = {
			isa = PBXSourcesBuildPhase;
			buildActionMask = 2147483647;
			files = (
				2871330C23B7BC6B00AD4B38 /* ViewController.swift in Sources */,
				2871330823B7BC6B00AD4B38 /* AppDelegate.swift in Sources */,
				2871330A23B7BC6B00AD4B38 /* SceneDelegate.swift in Sources */,
			);
			runOnlyForDeploymentPostprocessing = 0;
		};
		2871331623B7BC6D00AD4B38 /* Sources */ = {
			isa = PBXSourcesBuildPhase;
			buildActionMask = 2147483647;
			files = (
				2871331F23B7BC6D00AD4B38 /* HackerRankTests.swift in Sources */,
			);
			runOnlyForDeploymentPostprocessing = 0;
		};
		2871332123B7BC6D00AD4B38 /* Sources */ = {
			isa = PBXSourcesBuildPhase;
			buildActionMask = 2147483647;
			files = (
				2871332A23B7BC6D00AD4B38 /* HackerRankUITests.swift in Sources */,
			);
			runOnlyForDeploymentPostprocessing = 0;
		};
/* End PBXSourcesBuildPhase section */

/* Begin PBXTargetDependency section */
		2871331C23B7BC6D00AD4B38 /* PBXTargetDependency */ = {
			isa = PBXTargetDependency;
			target = 2871330323B7BC6B00AD4B38 /* HackerRank */;
			targetProxy = 2871331B23B7BC6D00AD4B38 /* PBXContainerItemProxy */;
		};
		2871332723B7BC6D00AD4B38 /* PBXTargetDependency */ = {
			isa = PBXTargetDependency;
			target = 2871330323B7BC6B00AD4B38 /* HackerRank */;
			targetProxy = 2871332623B7BC6D00AD4B38 /* PBXContainerItemProxy */;
		};
/* End PBXTargetDependency section */

/* Begin PBXVariantGroup section */
		2871330D23B7BC6B00AD4B38 /* Main.storyboard */ = {
			isa = PBXVariantGroup;
			children = (
				2871330E23B7BC6B00AD4B38 /* Base */,
			);
			name = Main.storyboard;
			sourceTree = "<group>";
		};
		2871331223B7BC6C00AD4B38 /* LaunchScreen.storyboard */ = {
			isa = PBXVariantGroup;
			children = (
				2871331323B7BC6C00AD4B38 /* Base */,
			);
			name = LaunchScreen.storyboard;
			sourceTree = "<group>";
		};
/* End PBXVariantGroup section */

/* Begin XCBuildConfiguration section */
		2871332C23B7BC6D00AD4B38 /* Debug */ = {
			isa = XCBuildConfiguration;
			buildSettings = {
				ALWAYS_SEARCH_USER_PATHS = NO;
				CLANG_ANALYZER_NONNULL = YES;
				CLANG_ANALYZER_NUMBER_OBJECT_CONVERSION = YES_AGGRESSIVE;
				CLANG_CXX_LANGUAGE_STANDARD = "gnu++14";
				CLANG_CXX_LIBRARY = "libc++";
				CLANG_ENABLE_MODULES = YES;
				CLANG_ENABLE_OBJC_ARC = YES;
				CLANG_ENABLE_OBJC_WEAK = YES;
				CLANG_WARN_BLOCK_CAPTURE_AUTORELEASING = YES;
				CLANG_WARN_BOOL_CONVERSION = YES;
				CLANG_WARN_COMMA = YES;
				CLANG_WARN_CONSTANT_CONVERSION = YES;
				CLANG_WARN_DEPRECATED_OBJC_IMPLEMENTATIONS = YES;
				CLANG_WARN_DIRECT_OBJC_ISA_USAGE = YES_ERROR;
				CLANG_WARN_DOCUMENTATION_COMMENTS = YES;
				CLANG_WARN_EMPTY_BODY = YES;
				CLANG_WARN_ENUM_CONVERSION = YES;
				CLANG_WARN_INFINITE_RECURSION = YES;
				CLANG_WARN_INT_CONVERSION = YES;
				CLANG_WARN_NON_LITERAL_NULL_CONVERSION = YES;
				CLANG_WARN_OBJC_IMPLICIT_RETAIN_SELF = YES;
				CLANG_WARN_OBJC_LITERAL_CONVERSION = YES;
				CLANG_WARN_OBJC_ROOT_CLASS = YES_ERROR;
				CLANG_WARN_RANGE_LOOP_ANALYSIS = YES;
				CLANG_WARN_STRICT_PROTOTYPES = YES;
				CLANG_WARN_SUSPICIOUS_MOVE = YES;
				CLANG_WARN_UNGUARDED_AVAILABILITY = YES_AGGRESSIVE;
				CLANG_WARN_UNREACHABLE_CODE = YES;
				CLANG_WARN__DUPLICATE_METHOD_MATCH = YES;
				COPY_PHASE_STRIP = NO;
				DEBUG_INFORMATION_FORMAT = dwarf;
				ENABLE_STRICT_OBJC_MSGSEND = YES;
				ENABLE_TESTABILITY = YES;
				GCC_C_LANGUAGE_STANDARD = gnu11;
				GCC_DYNAMIC_NO_PIC = NO;
				GCC_NO_COMMON_BLOCKS = YES;
				GCC_OPTIMIZATION_LEVEL = 0;
				GCC_PREPROCESSOR_DEFINITIONS = (
					"DEBUG=1",
					"$(inherited)",
				);
				GCC_WARN_64_TO_32_BIT_CONVERSION = YES;
				GCC_WARN_ABOUT_RETURN_TYPE = YES_ERROR;
				GCC_WARN_UNDECLARED_SELECTOR = YES;
				GCC_WARN_UNINITIALIZED_AUTOS = YES_AGGRESSIVE;
				GCC_WARN_UNUSED_FUNCTION = YES;
				GCC_WARN_UNUSED_VARIABLE = YES;
				IPHONEOS_DEPLOYMENT_TARGET = 13.2;
				MTL_ENABLE_DEBUG_INFO = INCLUDE_SOURCE;
				MTL_FAST_MATH = YES;
				ONLY_ACTIVE_ARCH = YES;
				SDKROOT = iphoneos;
				SWIFT_ACTIVE_COMPILATION_CONDITIONS = DEBUG;
				SWIFT_OPTIMIZATION_LEVEL = "-Onone";
			};
			name = Debug;
		};
		2871332D23B7BC6D00AD4B38 /* Release */ = {
			isa = XCBuildConfiguration;
			buildSettings = {
				ALWAYS_SEARCH_USER_PATHS = NO;
				CLANG_ANALYZER_NONNULL = YES;
				CLANG_ANALYZER_NUMBER_OBJECT_CONVERSION = YES_AGGRESSIVE;
				CLANG_CXX_LANGUAGE_STANDARD = "gnu++14";
				CLANG_CXX_LIBRARY = "libc++";
				CLANG_ENABLE_MODULES = YES;
				CLANG_ENABLE_OBJC_ARC = YES;
				CLANG_ENABLE_OBJC_WEAK = YES;
				CLANG_WARN_BLOCK_CAPTURE_AUTORELEASING = YES;
				CLANG_WARN_BOOL_CONVERSION = YES;
				CLANG_WARN_COMMA = YES;
				CLANG_WARN_CONSTANT_CONVERSION = YES;
				CLANG_WARN_DEPRECATED_OBJC_IMPLEMENTATIONS = YES;
				CLANG_WARN_DIRECT_OBJC_ISA_USAGE = YES_ERROR;
				CLANG_WARN_DOCUMENTATION_COMMENTS = YES;
				CLANG_WARN_EMPTY_BODY = YES;
				CLANG_WARN_ENUM_CONVERSION = YES;
				CLANG_WARN_INFINITE_RECURSION = YES;
				CLANG_WARN_INT_CONVERSION = YES;
				CLANG_WARN_NON_LITERAL_NULL_CONVERSION = YES;
				CLANG_WARN_OBJC_IMPLICIT_RETAIN_SELF = YES;
				CLANG_WARN_OBJC_LITERAL_CONVERSION = YES;
				CLANG_WARN_OBJC_ROOT_CLASS = YES_ERROR;
				CLANG_WARN_RANGE_LOOP_ANALYSIS = YES;
				CLANG_WARN_STRICT_PROTOTYPES = YES;
				CLANG_WARN_SUSPICIOUS_MOVE = YES;
				CLANG_WARN_UNGUARDED_AVAILABILITY = YES_AGGRESSIVE;
				CLANG_WARN_UNREACHABLE_CODE = YES;
				CLANG_WARN__DUPLICATE_METHOD_MATCH = YES;
				COPY_PHASE_STRIP = NO;
				DEBUG_INFORMATION_FORMAT = "dwarf-with-dsym";
				ENABLE_NS_ASSERTIONS = NO;
				ENABLE_STRICT_OBJC_MSGSEND = YES;
				GCC_C_LANGUAGE_STANDARD = gnu11;
				GCC_NO_COMMON_BLOCKS = YES;
				GCC_WARN_64_TO_32_BIT_CONVERSION = YES;
				GCC_WARN_ABOUT_RETURN_TYPE = YES_ERROR;
				GCC_WARN_UNDECLARED_SELECTOR = YES;
				GCC_WARN_UNINITIALIZED_AUTOS = YES_AGGRESSIVE;
				GCC_WARN_UNUSED_FUNCTION = YES;
				GCC_WARN_UNUSED_VARIABLE = YES;
				IPHONEOS_DEPLOYMENT_TARGET = 13.2;
				MTL_ENABLE_DEBUG_INFO = NO;
				MTL_FAST_MATH = YES;
				SDKROOT = iphoneos;
				SWIFT_COMPILATION_MODE = wholemodule;
				SWIFT_OPTIMIZATION_LEVEL = "-O";
				VALIDATE_PRODUCT = YES;
			};
			name = Release;
		};
		2871332F23B7BC6D00AD4B38 /* Debug */ = {
			isa = XCBuildConfiguration;
			buildSettings = {
				ASSETCATALOG_COMPILER_APPICON_NAME = AppIcon;
				CODE_SIGN_STYLE = Automatic;
				INFOPLIST_FILE = HackerRank/Info.plist;
				LD_RUNPATH_SEARCH_PATHS = (
					"$(inherited)",
					"@executable_path/Frameworks",
				);
				PRODUCT_BUNDLE_IDENTIFIER = com.sample.HackerRank;
				PRODUCT_NAME = "$(TARGET_NAME)";
				SWIFT_VERSION = 5.0;
				TARGETED_DEVICE_FAMILY = "1,2";
			};
			name = Debug;
		};
		2871333023B7BC6D00AD4B38 /* Release */ = {
			isa = XCBuildConfiguration;
			buildSettings = {
				ASSETCATALOG_COMPILER_APPICON_NAME = AppIcon;
				CODE_SIGN_STYLE = Automatic;
				INFOPLIST_FILE = HackerRank/Info.plist;
				LD_RUNPATH_SEARCH_PATHS = (
					"$(inherited)",
					"@executable_path/Frameworks",
				);
				PRODUCT_BUNDLE_IDENTIFIER = com.sample.HackerRank;
				PRODUCT_NAME = "$(TARGET_NAME)";
				SWIFT_VERSION = 5.0;
				TARGETED_DEVICE_FAMILY = "1,2";
			};
			name = Release;
		};
		2871333223B7BC6D00AD4B38 /* Debug */ = {
			isa = XCBuildConfiguration;
			buildSettings = {
				ALWAYS_EMBED_SWIFT_STANDARD_LIBRARIES = YES;
				BUNDLE_LOADER = "$(TEST_HOST)";
				CODE_SIGN_STYLE = Automatic;
				INFOPLIST_FILE = HackerRankTests/Info.plist;
				IPHONEOS_DEPLOYMENT_TARGET = 13.2;
				LD_RUNPATH_SEARCH_PATHS = (
					"$(inherited)",
					"@executable_path/Frameworks",
					"@loader_path/Frameworks",
				);
				PRODUCT_BUNDLE_IDENTIFIER = com.sample.HackerRankTests;
				PRODUCT_NAME = "$(TARGET_NAME)";
				SWIFT_VERSION = 5.0;
				TARGETED_DEVICE_FAMILY = "1,2";
				TEST_HOST = "$(BUILT_PRODUCTS_DIR)/HackerRank.app/HackerRank";
			};
			name = Debug;
		};
		2871333323B7BC6D00AD4B38 /* Release */ = {
			isa = XCBuildConfiguration;
			buildSettings = {
				ALWAYS_EMBED_SWIFT_STANDARD_LIBRARIES = YES;
				BUNDLE_LOADER = "$(TEST_HOST)";
				CODE_SIGN_STYLE = Automatic;
				INFOPLIST_FILE = HackerRankTests/Info.plist;
				IPHONEOS_DEPLOYMENT_TARGET = 13.2;
				LD_RUNPATH_SEARCH_PATHS = (
					"$(inherited)",
					"@executable_path/Frameworks",
					"@loader_path/Frameworks",
				);
				PRODUCT_BUNDLE_IDENTIFIER = com.sample.HackerRankTests;
				PRODUCT_NAME = "$(TARGET_NAME)";
				SWIFT_VERSION = 5.0;
				TARGETED_DEVICE_FAMILY = "1,2";
				TEST_HOST = "$(BUILT_PRODUCTS_DIR)/HackerRank.app/HackerRank";
			};
			name = Release;
		};
		2871333523B7BC6D00AD4B38 /* Debug */ = {
			isa = XCBuildConfiguration;
			buildSettings = {
				ALWAYS_EMBED_SWIFT_STANDARD_LIBRARIES = YES;
				CODE_SIGN_STYLE = Automatic;
				INFOPLIST_FILE = HackerRankUITests/Info.plist;
				LD_RUNPATH_SEARCH_PATHS = (
					"$(inherited)",
					"@executable_path/Frameworks",
					"@loader_path/Frameworks",
				);
				PRODUCT_BUNDLE_IDENTIFIER = com.sample.HackerRankUITests;
				PRODUCT_NAME = "$(TARGET_NAME)";
				SWIFT_VERSION = 5.0;
				TARGETED_DEVICE_FAMILY = "1,2";
				TEST_TARGET_NAME = HackerRank;
			};
			name = Debug;
		};
		2871333623B7BC6D00AD4B38 /* Release */ = {
			isa = XCBuildConfiguration;
			buildSettings = {
				ALWAYS_EMBED_SWIFT_STANDARD_LIBRARIES = YES;
				CODE_SIGN_STYLE = Automatic;
				INFOPLIST_FILE = HackerRankUITests/Info.plist;
				LD_RUNPATH_SEARCH_PATHS = (
					"$(inherited)",
					"@executable_path/Frameworks",
					"@loader_path/Frameworks",
				);
				PRODUCT_BUNDLE_IDENTIFIER = com.sample.HackerRankUITests;
				PRODUCT_NAME = "$(TARGET_NAME)";
				SWIFT_VERSION = 5.0;
				TARGETED_DEVICE_FAMILY = "1,2";
				TEST_TARGET_NAME = HackerRank;
			};
			name = Release;
		};
/* End XCBuildConfiguration section */

/* Begin XCConfigurationList section */
		287132FF23B7BC6B00AD4B38 /* Build configuration list for PBXProject "HackerRank" */ = {
			isa = XCConfigurationList;
			buildConfigurations = (
				2871332C23B7BC6D00AD4B38 /* Debug */,
				2871332D23B7BC6D00AD4B38 /* Release */,
			);
			defaultConfigurationIsVisible = 0;
			defaultConfigurationName = Release;
		};
		2871332E23B7BC6D00AD4B38 /* Build configuration list for PBXNativeTarget "HackerRank" */ = {
			isa = XCConfigurationList;
			buildConfigurations = (
				2871332F23B7BC6D00AD4B38 /* Debug */,
				2871333023B7BC6D00AD4B38 /* Release */,
			);
			defaultConfigurationIsVisible = 0;
			defaultConfigurationName = Release;
		};
		2871333123B7BC6D00AD4B38 /* Build configuration list for PBXNativeTarget "HackerRankTests" */ = {
			isa = XCConfigurationList;
			buildConfigurations = (
				2871333223B7BC6D00AD4B38 /* Debug */,
				2871333323B7BC6D00AD4B38 /* Release */,
			);
			defaultConfigurationIsVisible = 0;
			defaultConfigurationName = Release;
		};
		2871333423B7BC6D00AD4B38 /* Build configuration list for PBXNativeTarget "HackerRankUITests" */ = {
			isa = XCConfigurationList;
			buildConfigurations = (
				2871333523B7BC6D00AD4B38 /* Debug */,
				2871333623B7BC6D00AD4B38 /* Release */,
			);
			defaultConfigurationIsVisible = 0;
			defaultConfigurationName = Release;
		};
/* End XCConfigurationList section */
	};
	rootObject = 287132FC23B7BC6B00AD4B38 /* Project object */;
}
